lockfileVersion: 5.4

specifiers:
  '@vitejs/plugin-vue': ^4.2.3
  leafer-ui: 1.0.0-beta.3
  vite: ^4.3.9
  vue: ^3.3.4

dependencies:
  leafer-ui: 1.0.0-beta.3
  vue: 3.3.4

devDependencies:
  '@vitejs/plugin-vue': 4.2.3_vite@4.3.9+vue@3.3.4
  vite: 4.3.9

packages:

  /@babel/helper-string-parser/7.22.5:
    resolution: {integrity: sha512-mM4COjgZox8U+JcXQwPijIZLElkgEpO5rsERVDJTc2qfCDfERyob6k5WegS14SX18IIjv+XD+GrqNumY5JRCDw==}
    engines: {node: '>=6.9.0'}

  /@babel/helper-validator-identifier/7.22.5:
    resolution: {integrity: sha512-aJXu+6lErq8ltp+JhkJUfk1MTGyuA4v7f3pA+BJ5HLfNC6nAQ0Cpi9uOquUj8Hehg0aUiHzWQbOVJGao6ztBAQ==}
    engines: {node: '>=6.9.0'}

  /@babel/parser/7.22.6:
    resolution: {integrity: sha512-EIQu22vNkceq3LbjAq7knDf/UmtI2qbcNI8GRBlijez6TpQLvSodJPYfydQmNA5buwkxxxa/PVI44jjYZ+/cLw==}
    engines: {node: '>=6.0.0'}
    hasBin: true
    dependencies:
      '@babel/types': 7.22.5

  /@babel/types/7.22.5:
    resolution: {integrity: sha512-zo3MIHGOkPOfoRXitsgHLjEXmlDaD/5KU1Uzuc9GNiZPhSqVxVRtxuPaSBZDsYZ9qV88AjtMtWW7ww98loJ9KA==}
    engines: {node: '>=6.9.0'}
    dependencies:
      '@babel/helper-string-parser': 7.22.5
      '@babel/helper-validator-identifier': 7.22.5
      to-fast-properties: 2.0.0

  /@esbuild/android-arm/0.17.19:
    resolution: {integrity: sha512-rIKddzqhmav7MSmoFCmDIb6e2W57geRsM94gV2l38fzhXMwq7hZoClug9USI2pFRGL06f4IOPHHpFNOkWieR8A==}
    engines: {node: '>=12'}
    cpu: [arm]
    os: [android]
    requiresBuild: true
    dev: true
    optional: true

  /@esbuild/android-arm64/0.17.19:
    resolution: {integrity: sha512-KBMWvEZooR7+kzY0BtbTQn0OAYY7CsiydT63pVEaPtVYF0hXbUaOyZog37DKxK7NF3XacBJOpYT4adIJh+avxA==}
    engines: {node: '>=12'}
    cpu: [arm64]
    os: [android]
    requiresBuild: true
    dev: true
    optional: true

  /@esbuild/android-x64/0.17.19:
    resolution: {integrity: sha512-uUTTc4xGNDT7YSArp/zbtmbhO0uEEK9/ETW29Wk1thYUJBz3IVnvgEiEwEa9IeLyvnpKrWK64Utw2bgUmDveww==}
    engines: {node: '>=12'}
    cpu: [x64]
    os: [android]
    requiresBuild: true
    dev: true
    optional: true

  /@esbuild/darwin-arm64/0.17.19:
    resolution: {integrity: sha512-80wEoCfF/hFKM6WE1FyBHc9SfUblloAWx6FJkFWTWiCoht9Mc0ARGEM47e67W9rI09YoUxJL68WHfDRYEAvOhg==}
    engines: {node: '>=12'}
    cpu: [arm64]
    os: [darwin]
    requiresBuild: true
    dev: true
    optional: true

  /@esbuild/darwin-x64/0.17.19:
    resolution: {integrity: sha512-IJM4JJsLhRYr9xdtLytPLSH9k/oxR3boaUIYiHkAawtwNOXKE8KoU8tMvryogdcT8AU+Bflmh81Xn6Q0vTZbQw==}
    engines: {node: '>=12'}
    cpu: [x64]
    os: [darwin]
    requiresBuild: true
    dev: true
    optional: true

  /@esbuild/freebsd-arm64/0.17.19:
    resolution: {integrity: sha512-pBwbc7DufluUeGdjSU5Si+P3SoMF5DQ/F/UmTSb8HXO80ZEAJmrykPyzo1IfNbAoaqw48YRpv8shwd1NoI0jcQ==}
    engines: {node: '>=12'}
    cpu: [arm64]
    os: [freebsd]
    requiresBuild: true
    dev: true
    optional: true

  /@esbuild/freebsd-x64/0.17.19:
    resolution: {integrity: sha512-4lu+n8Wk0XlajEhbEffdy2xy53dpR06SlzvhGByyg36qJw6Kpfk7cp45DR/62aPH9mtJRmIyrXAS5UWBrJT6TQ==}
    engines: {node: '>=12'}
    cpu: [x64]
    os: [freebsd]
    requiresBuild: true
    dev: true
    optional: true

  /@esbuild/linux-arm/0.17.19:
    resolution: {integrity: sha512-cdmT3KxjlOQ/gZ2cjfrQOtmhG4HJs6hhvm3mWSRDPtZ/lP5oe8FWceS10JaSJC13GBd4eH/haHnqf7hhGNLerA==}
    engines: {node: '>=12'}
    cpu: [arm]
    os: [linux]
    requiresBuild: true
    dev: true
    optional: true

  /@esbuild/linux-arm64/0.17.19:
    resolution: {integrity: sha512-ct1Tg3WGwd3P+oZYqic+YZF4snNl2bsnMKRkb3ozHmnM0dGWuxcPTTntAF6bOP0Sp4x0PjSF+4uHQ1xvxfRKqg==}
    engines: {node: '>=12'}
    cpu: [arm64]
    os: [linux]
    requiresBuild: true
    dev: true
    optional: true

  /@esbuild/linux-ia32/0.17.19:
    resolution: {integrity: sha512-w4IRhSy1VbsNxHRQpeGCHEmibqdTUx61Vc38APcsRbuVgK0OPEnQ0YD39Brymn96mOx48Y2laBQGqgZ0j9w6SQ==}
    engines: {node: '>=12'}
    cpu: [ia32]
    os: [linux]
    requiresBuild: true
    dev: true
    optional: true

  /@esbuild/linux-loong64/0.17.19:
    resolution: {integrity: sha512-2iAngUbBPMq439a+z//gE+9WBldoMp1s5GWsUSgqHLzLJ9WoZLZhpwWuym0u0u/4XmZ3gpHmzV84PonE+9IIdQ==}
    engines: {node: '>=12'}
    cpu: [loong64]
    os: [linux]
    requiresBuild: true
    dev: true
    optional: true

  /@esbuild/linux-mips64el/0.17.19:
    resolution: {integrity: sha512-LKJltc4LVdMKHsrFe4MGNPp0hqDFA1Wpt3jE1gEyM3nKUvOiO//9PheZZHfYRfYl6AwdTH4aTcXSqBerX0ml4A==}
    engines: {node: '>=12'}
    cpu: [mips64el]
    os: [linux]
    requiresBuild: true
    dev: true
    optional: true

  /@esbuild/linux-ppc64/0.17.19:
    resolution: {integrity: sha512-/c/DGybs95WXNS8y3Ti/ytqETiW7EU44MEKuCAcpPto3YjQbyK3IQVKfF6nbghD7EcLUGl0NbiL5Rt5DMhn5tg==}
    engines: {node: '>=12'}
    cpu: [ppc64]
    os: [linux]
    requiresBuild: true
    dev: true
    optional: true

  /@esbuild/linux-riscv64/0.17.19:
    resolution: {integrity: sha512-FC3nUAWhvFoutlhAkgHf8f5HwFWUL6bYdvLc/TTuxKlvLi3+pPzdZiFKSWz/PF30TB1K19SuCxDTI5KcqASJqA==}
    engines: {node: '>=12'}
    cpu: [riscv64]
    os: [linux]
    requiresBuild: true
    dev: true
    optional: true

  /@esbuild/linux-s390x/0.17.19:
    resolution: {integrity: sha512-IbFsFbxMWLuKEbH+7sTkKzL6NJmG2vRyy6K7JJo55w+8xDk7RElYn6xvXtDW8HCfoKBFK69f3pgBJSUSQPr+4Q==}
    engines: {node: '>=12'}
    cpu: [s390x]
    os: [linux]
    requiresBuild: true
    dev: true
    optional: true

  /@esbuild/linux-x64/0.17.19:
    resolution: {integrity: sha512-68ngA9lg2H6zkZcyp22tsVt38mlhWde8l3eJLWkyLrp4HwMUr3c1s/M2t7+kHIhvMjglIBrFpncX1SzMckomGw==}
    engines: {node: '>=12'}
    cpu: [x64]
    os: [linux]
    requiresBuild: true
    dev: true
    optional: true

  /@esbuild/netbsd-x64/0.17.19:
    resolution: {integrity: sha512-CwFq42rXCR8TYIjIfpXCbRX0rp1jo6cPIUPSaWwzbVI4aOfX96OXY8M6KNmtPcg7QjYeDmN+DD0Wp3LaBOLf4Q==}
    engines: {node: '>=12'}
    cpu: [x64]
    os: [netbsd]
    requiresBuild: true
    dev: true
    optional: true

  /@esbuild/openbsd-x64/0.17.19:
    resolution: {integrity: sha512-cnq5brJYrSZ2CF6c35eCmviIN3k3RczmHz8eYaVlNasVqsNY+JKohZU5MKmaOI+KkllCdzOKKdPs762VCPC20g==}
    engines: {node: '>=12'}
    cpu: [x64]
    os: [openbsd]
    requiresBuild: true
    dev: true
    optional: true

  /@esbuild/sunos-x64/0.17.19:
    resolution: {integrity: sha512-vCRT7yP3zX+bKWFeP/zdS6SqdWB8OIpaRq/mbXQxTGHnIxspRtigpkUcDMlSCOejlHowLqII7K2JKevwyRP2rg==}
    engines: {node: '>=12'}
    cpu: [x64]
    os: [sunos]
    requiresBuild: true
    dev: true
    optional: true

  /@esbuild/win32-arm64/0.17.19:
    resolution: {integrity: sha512-yYx+8jwowUstVdorcMdNlzklLYhPxjniHWFKgRqH7IFlUEa0Umu3KuYplf1HUZZ422e3NU9F4LGb+4O0Kdcaag==}
    engines: {node: '>=12'}
    cpu: [arm64]
    os: [win32]
    requiresBuild: true
    dev: true
    optional: true

  /@esbuild/win32-ia32/0.17.19:
    resolution: {integrity: sha512-eggDKanJszUtCdlVs0RB+h35wNlb5v4TWEkq4vZcmVt5u/HiDZrTXe2bWFQUez3RgNHwx/x4sk5++4NSSicKkw==}
    engines: {node: '>=12'}
    cpu: [ia32]
    os: [win32]
    requiresBuild: true
    dev: true
    optional: true

  /@esbuild/win32-x64/0.17.19:
    resolution: {integrity: sha512-lAhycmKnVOuRYNtRtatQR1LPQf2oYCkRGkSFnseDAKPl8lu5SOsK/e1sXe5a0Pc5kHIHe6P2I/ilntNv2xf3cA==}
    engines: {node: '>=12'}
    cpu: [x64]
    os: [win32]
    requiresBuild: true
    dev: true
    optional: true

  /@jridgewell/sourcemap-codec/1.4.15:
    resolution: {integrity: sha512-eF2rxCRulEKXHTRiDrDy6erMYWqNw4LPdQ8UQA4huuxaQsVeRPFl2oM8oDGxMFhJUWZf9McpLtJasDDZb/Bpeg==}

  /@leafer-ui/app/1.0.0-beta.2:
    resolution: {integrity: sha512-sRriK9X3XB74yahqgGDUgJDAU18qFXTsJTDvrFqXSWY5taKT7RmZsqX8yFa4PWpIlF4vgaAZtHMdDN/R1zJIUA==}
    dependencies:
      '@leafer-ui/data': 1.0.0-beta.2
      '@leafer-ui/display': 1.0.0-beta.2
      '@leafer/core': 1.0.0-beta.2
    dev: false

  /@leafer-ui/bounds/1.0.0-beta.2:
    resolution: {integrity: sha512-mFN6zklurCru2rpD6q4KFbVuJNAOMK1zjOtC6GkAeTQ/WyZBNEu6SsiqmayvN7ykUtKENSHVmahs7bWwkCxAog==}
    dependencies:
      '@leafer/core': 1.0.0-beta.2
    dev: false

  /@leafer-ui/color/1.0.0-beta.2:
    resolution: {integrity: sha512-i85XkFzjn6mZ4XM4hBiDOc/OnyqtksMu8QveO3EsiQKp1DpJzmgdO0J2c2Lsfs/aVhHTiS/lHyecaMSmwG5Hcg==}
    dev: false

  /@leafer-ui/core/1.0.0-beta.2:
    resolution: {integrity: sha512-BEjYOejUXqsWsgI0QtQe1/OjTnUnfZSpJ0QNDkpdH+09dDYthhFaMNkzVTTdP6sxp+oISf+X9RSVlsNQhYbX/A==}
    dependencies:
      '@leafer-ui/app': 1.0.0-beta.2
      '@leafer-ui/decorator': 1.0.0-beta.2
      '@leafer-ui/display': 1.0.0-beta.2
      '@leafer-ui/display-module': 1.0.0-beta.2
      '@leafer-ui/external': 1.0.0-beta.2
    dev: false

  /@leafer-ui/data/1.0.0-beta.2:
    resolution: {integrity: sha512-SjcTqWZVcyOx9LExCXpKTuj9OhvvrtxEfw3TF4jYyFlqY2Q89mz9jkbZ2HQRXIzONsQmf5AvcFe1CNh01aAOIg==}
    dependencies:
      '@leafer/core': 1.0.0-beta.2
    dev: false

  /@leafer-ui/decorator/1.0.0-beta.2:
    resolution: {integrity: sha512-xf9fVvE9lhvMo9GgTw9RVuxDIzDXVJ9Fseu723enxCZCoKQ3RILnbOnOsB3+Q2X8obO4bE80XFl1as6UaL4WZA==}
    dependencies:
      '@leafer/core': 1.0.0-beta.2
    dev: false

  /@leafer-ui/display-module/1.0.0-beta.2:
    resolution: {integrity: sha512-vLMHPU5g0eyACUBmJqME7XWWn14J5gUnKfT+nC1fu4sOs867xNlN+lDzMvHZ6KZ1oKWN/lnZCwU+tYEyZe5OBQ==}
    dependencies:
      '@leafer-ui/bounds': 1.0.0-beta.2
      '@leafer-ui/hit': 1.0.0-beta.2
      '@leafer-ui/render': 1.0.0-beta.2
    dev: false

  /@leafer-ui/display/1.0.0-beta.2:
    resolution: {integrity: sha512-Z02vQsUhgF3mhaqWCiGyByoXLMAyMWln9rWPo0uhPpVCiu42h7IlGo93Kns8FWnXIZtVhRsjZwCe/v78wFyNow==}
    dependencies:
      '@leafer-ui/data': 1.0.0-beta.2
      '@leafer-ui/decorator': 1.0.0-beta.2
      '@leafer-ui/display-module': 1.0.0-beta.2
      '@leafer-ui/text': 1.0.0-beta.2
      '@leafer/core': 1.0.0-beta.2
    dev: false

  /@leafer-ui/effect/1.0.0-beta.2:
    resolution: {integrity: sha512-eEGe43d5p4s53B996nfsRSF4xdnU/8SG1cwzxmzojSPSUgKFQ2lgfENSFyLOJ1NM3u2k6yaYox3ZRSmB82sGeA==}
    dev: false

  /@leafer-ui/external/1.0.0-beta.2:
    resolution: {integrity: sha512-+Q9WTOz2fiZuVv43y6MUQLfdF5i3B04rCxZUKe4KYKBek29oWemXk84Yo7eEget5+2zzU8PM2RApfnZ2szk4Hw==}
    dependencies:
      '@leafer-ui/effect': 1.0.0-beta.2
      '@leafer-ui/paint': 1.0.0-beta.2
    dev: false

  /@leafer-ui/hit/1.0.0-beta.2:
    resolution: {integrity: sha512-Dq2ipdX/pa8B0x5X4w2PAbmnoWGQsnVCbPYSuZpNajun2noy8Qejh2IjzwUstKU/sGsxgs2V2tm7RPTKYqc7+Q==}
    dev: false

  /@leafer-ui/interface/1.0.0-beta.2:
    resolution: {integrity: sha512-pK12o9S42XDqbmC2iLd3ypmIqnKHG6dSge6On7Ce7IjpokLbtJdnaGp2602X2GU7JnhT5is+KvVgo1/4cuHANA==}
    dependencies:
      '@leafer/interface': 1.0.0-beta.2
    dev: false

  /@leafer-ui/paint/1.0.0-beta.2:
    resolution: {integrity: sha512-LbHgMuNk8xqePRdQZLKA5QuZtNwm9wIXMF5ffRprv6wZ6UW0awFFC8ZwRbJe9hlynbC4Br0uALUQtqup0YG20A==}
    dependencies:
      '@leafer-ui/color': 1.0.0-beta.2
      '@leafer/core': 1.0.0-beta.2
    dev: false

  /@leafer-ui/render/1.0.0-beta.2:
    resolution: {integrity: sha512-ESLxaONUIwToHr1OdM9UWd8Vvmp8up38q9IT5OagVv3BsutAIyc0Du0rf8irooPEle4fdoFT8UjQl1vPvMRnSA==}
    dependencies:
      '@leafer-ui/external': 1.0.0-beta.2
    dev: false

  /@leafer-ui/text/1.0.0-beta.2:
    resolution: {integrity: sha512-4ReYqunh/V9hVA2yAHj25GJ4jw6xwRRc5RADrm6IY1haS0l5b8l3DmYh3uTOj9KsnWZe4a3v+8zoYvay6yj0yA==}
    dependencies:
      '@leafer-ui/core': 1.0.0-beta.2
    dev: false

  /@leafer-ui/type/1.0.0-beta.2:
    resolution: {integrity: sha512-qJ7Fnx9yhnMn8Fm7LIDpFVYXMwhJ4QYg24ZA0DwnDCLzbjTKUyE74V0Vs+rHdTuCXfvaZqPdl3KdcYkL0EkRAQ==}
    dependencies:
      '@leafer-ui/core': 1.0.0-beta.2
    dev: false

  /@leafer-ui/web/1.0.0-beta.2:
    resolution: {integrity: sha512-2GK8VgHRdthmStcSi4xBY/CHlCu2K7isld/ORvgI14BgmIOK12bFG0b2iTYlatc0jpM1K3vKBwg6bkdVRtSM1g==}
    dependencies:
      '@leafer-ui/core': 1.0.0-beta.2
      '@leafer/web': 1.0.0-beta.2
    dev: false

  /@leafer/canvas-web/1.0.0-beta.2:
    resolution: {integrity: sha512-GJfDMZXh+eXhfLEDR/+t7yr+i8H1s18eSplFggl9KYJ7TR/itSc4Hlca5fdHh8cF6YMATgQp5n5Y9UHurtACRw==}
    dependencies:
      '@leafer/canvas': 1.0.0-beta.2
      '@leafer/data': 1.0.0-beta.2
      '@leafer/debug': 1.0.0-beta.2
      '@leafer/event': 1.0.0-beta.2
      '@leafer/math': 1.0.0-beta.2
    dev: false

  /@leafer/canvas/1.0.0-beta.2:
    resolution: {integrity: sha512-EFte0hrQHWh1M2J99lAdzmwqD1OUuMzLAeEKOioZ8S1FgsIFfr1pIxj66eVHRmXoLQmTstuouz8sN9eP+XndxQ==}
    dependencies:
      '@leafer/data': 1.0.0-beta.2
      '@leafer/list': 1.0.0-beta.2
      '@leafer/math': 1.0.0-beta.2
      '@leafer/platform': 1.0.0-beta.2
    dev: false

  /@leafer/core/1.0.0-beta.2:
    resolution: {integrity: sha512-2lKHI5vqZUB44UKWr/XBNpHfoEGw7qmOWrglEJ4C58iI+SilL5wkoEmio1iSMDg5pimPLpciTkfazRWBuPVpFw==}
    dependencies:
      '@leafer/canvas': 1.0.0-beta.2
      '@leafer/data': 1.0.0-beta.2
      '@leafer/debug': 1.0.0-beta.2
      '@leafer/decorator': 1.0.0-beta.2
      '@leafer/display': 1.0.0-beta.2
      '@leafer/display-module': 1.0.0-beta.2
      '@leafer/event': 1.0.0-beta.2
      '@leafer/event-ui': 1.0.0-beta.2
      '@leafer/helper': 1.0.0-beta.2
      '@leafer/image': 1.0.0-beta.2
      '@leafer/list': 1.0.0-beta.2
      '@leafer/math': 1.0.0-beta.2
      '@leafer/path': 1.0.0-beta.2
      '@leafer/platform': 1.0.0-beta.2
      '@leafer/plugin': 1.0.0-beta.2
      '@leafer/task': 1.0.0-beta.2
    dev: false

  /@leafer/data/1.0.0-beta.2:
    resolution: {integrity: sha512-69p/RJ5z5ICOT1N8WjYOt5wnJjFtYIk31ygWFfYvAW7w66oZnb83uqLGbshmTAfvWkFV0+rTGT2ftoNNDFgdJw==}
    dev: false

  /@leafer/debug/1.0.0-beta.2:
    resolution: {integrity: sha512-AQR4MtNQwr1QSJz4kMrwrlAbERE3hpc23+VuxwsCT0XMBX4X/AN8ksSgZdZM4VZk4sgQHt6ijOdi+Y9aPp7agQ==}
    dependencies:
      '@leafer/math': 1.0.0-beta.2
    dev: false

  /@leafer/decorator/1.0.0-beta.2:
    resolution: {integrity: sha512-G9xaKHMtk4CexuD5PWmf9Agi/Fot2WsBtYox1LZYkB4t/rzQdu3HX4JLd+Iq1wLIe1a5NbRNUxlyF4UHEfDlOA==}
    dependencies:
      '@leafer/debug': 1.0.0-beta.2
      '@leafer/platform': 1.0.0-beta.2
    dev: false

  /@leafer/display-module/1.0.0-beta.2:
    resolution: {integrity: sha512-FAgVR+aLzlvuEpkadEIUJ5fp/yNM7JaHddHPdScPBh+sR09fKiFrhyTv6hvwruagB8EQm51biw431vzkjOgtTQ==}
    dependencies:
      '@leafer/event': 1.0.0-beta.2
      '@leafer/math': 1.0.0-beta.2
    dev: false

  /@leafer/display/1.0.0-beta.2:
    resolution: {integrity: sha512-rMboJck3kip9WKPIHybk4ILI75wyGUW0dcrnUXXZQE0T+NBR8/uKEBNDJ+w5MWY+RSzAqEbxHSLUcvhj3kImlw==}
    dependencies:
      '@leafer/data': 1.0.0-beta.2
      '@leafer/decorator': 1.0.0-beta.2
      '@leafer/display-module': 1.0.0-beta.2
      '@leafer/event': 1.0.0-beta.2
      '@leafer/helper': 1.0.0-beta.2
      '@leafer/layout': 1.0.0-beta.2
      '@leafer/math': 1.0.0-beta.2
    dev: false

  /@leafer/event-ui/1.0.0-beta.2:
    resolution: {integrity: sha512-Jq3BGqYkXZcr/c6L6vP67LN8ekOmpccjDrKXYTMDPWIlmHLw16ZNrA7PP6RX8IvdUJWsFH0kda1D97oMlezsCA==}
    dependencies:
      '@leafer/decorator': 1.0.0-beta.2
      '@leafer/event': 1.0.0-beta.2
      '@leafer/list': 1.0.0-beta.2
    dev: false

  /@leafer/event/1.0.0-beta.2:
    resolution: {integrity: sha512-yxEB5bqKYv53Bf49cJgYMaUmZ7rQx6R17ADnco7N6/WW/eEXNggtbma7KTccxsgjCq39Hw0F/+226aVu1DvnHg==}
    dependencies:
      '@leafer/decorator': 1.0.0-beta.2
    dev: false

  /@leafer/helper/1.0.0-beta.2:
    resolution: {integrity: sha512-9fHiSDy9bUBc4i5YOejMLB20qGSN/5TVnKUi6ZhM9V3gkI3BzFh08ElLYTTI0UtBGZPcH2xRKc+Mahtq70XVAQ==}
    dependencies:
      '@leafer/math': 1.0.0-beta.2
    dev: false

  /@leafer/image-web/1.0.0-beta.2:
    resolution: {integrity: sha512-7VodgGO2RP3KJ9vWi7tc3EA6Vw23/raJ45bfz5mV3tGPZmrRA+c8qtScycbC1THVs4nPlDeH048BPuxsybmoiQ==}
    dev: false

  /@leafer/image/1.0.0-beta.2:
    resolution: {integrity: sha512-qh9/zZPSOh+HRvg2mZza0Ujzf4o99wHhzWHtiTiPVLJG8o6ibhQSApvqT/U204XiMJ59cx7haym5pwcaRh5qKQ==}
    dev: false

  /@leafer/interaction-web/1.0.0-beta.2:
    resolution: {integrity: sha512-YgpJ428bgUze2KwDeDYYMAlPmNR05xkSmitPhLlboiQSNb+89Eqe5aHTlnaDAXZyRME42ya5AYQtJE26d8og9Q==}
    dependencies:
      '@leafer/event-ui': 1.0.0-beta.2
      '@leafer/interaction': 1.0.0-beta.2
      '@leafer/math': 1.0.0-beta.2
    dev: false

  /@leafer/interaction/1.0.0-beta.2:
    resolution: {integrity: sha512-dptnXRIrRrTW3gPMAWU/ZMh4/Gi8Ct5KSfQ6BqpFMCmEJ3LhQUOdG3h1fUh8Z+Wlow3xFyLK1dIh75+AO0QMuw==}
    dependencies:
      '@leafer/data': 1.0.0-beta.2
      '@leafer/event': 1.0.0-beta.2
      '@leafer/event-ui': 1.0.0-beta.2
      '@leafer/helper': 1.0.0-beta.2
      '@leafer/list': 1.0.0-beta.2
      '@leafer/math': 1.0.0-beta.2
      '@leafer/platform': 1.0.0-beta.2
    dev: false

  /@leafer/interface/1.0.0-beta.2:
    resolution: {integrity: sha512-ZG6PCpCss5yPT2LZ4WTA04cF+kknZIEwObBMsUbu+ZNP6RMieFAwysRqd74hdvMi9x0WVb2wo/G2kIK7H72pmA==}
    dev: false

  /@leafer/layout/1.0.0-beta.2:
    resolution: {integrity: sha512-ngGBq9fP30hU7Dm3sDfj7PXZRiuhBe3QnGCIfIDqCP4ir9FpyF68EjdyUgSfAvbuKVkGFO4meJ5YsLKBaOGl6Q==}
    dependencies:
      '@leafer/math': 1.0.0-beta.2
      '@leafer/platform': 1.0.0-beta.2
    dev: false

  /@leafer/layouter/1.0.0-beta.2:
    resolution: {integrity: sha512-HcT6UVmzSmQifokyXK8yJgvwttBT4OVV52KSp+EXmeiWr6tXBcUp+tRt7hqQAX4Hd334/H4TtOilAwNP8lFZjQ==}
    dependencies:
      '@leafer/data': 1.0.0-beta.2
      '@leafer/debug': 1.0.0-beta.2
      '@leafer/event': 1.0.0-beta.2
      '@leafer/helper': 1.0.0-beta.2
      '@leafer/list': 1.0.0-beta.2
      '@leafer/math': 1.0.0-beta.2
    dev: false

  /@leafer/list/1.0.0-beta.2:
    resolution: {integrity: sha512-7o7gMXkBEQ53wa3u3WELLOG4QiDdiOeaArxscK60qKn5kcBUnuuXkVcExrIrdFvk5lAdz/tkJGqN/Hb92K9AZQ==}
    dev: false

  /@leafer/math/1.0.0-beta.2:
    resolution: {integrity: sha512-eVM2nIMJPHy08s1Yvv/cYsH4G6vWUEkXgNfYb8zeTX9XI+HsVAB0+jEoUt62FROweaeq45ded61pv6pyZAd19Q==}
    dev: false

  /@leafer/partner/1.0.0-beta.2:
    resolution: {integrity: sha512-+Ua6/zEZJpuOAh11GBzD3XZ0lQdhGdPJD+B98ns+jYJ2cWRePbAGGRDKJqB9ljQTWYDooVX5DFhB2nDtooOaMg==}
    dependencies:
      '@leafer/layouter': 1.0.0-beta.2
      '@leafer/renderer': 1.0.0-beta.2
      '@leafer/selector': 1.0.0-beta.2
      '@leafer/watcher': 1.0.0-beta.2
    dev: false

  /@leafer/path/1.0.0-beta.2:
    resolution: {integrity: sha512-0db1a1Kd3ToDx2JSHj4krX3qW1fGBr3vxrSTCEOl+w1Tktr5xC3nUgPG/QSfg45JKr1esuEQhMNYXulQ8Zm9vg==}
    dependencies:
      '@leafer/debug': 1.0.0-beta.2
      '@leafer/math': 1.0.0-beta.2
    dev: false

  /@leafer/platform/1.0.0-beta.2:
    resolution: {integrity: sha512-wiipLUSmAMnewuShzMOfSVNdsGRRy94VKqBZhtAWl6cvEeLjHLvIhp4SRn6HeYlmeVR9auXsxhsFRuJdRYZvnw==}
    dependencies:
      '@leafer/debug': 1.0.0-beta.2
      '@leafer/layouter': 1.0.0-beta.2
    dev: false

  /@leafer/plugin/1.0.0-beta.2:
    resolution: {integrity: sha512-v661VCMRDAS66wDjB5OppLVtakq1m7xcp3LINm898SUo0Jt/q28qPkFo7LwDymc/as/1nI0JZAsugQNjq5l6Ew==}
    dependencies:
      '@leafer/debug': 1.0.0-beta.2
    dev: false

  /@leafer/renderer/1.0.0-beta.2:
    resolution: {integrity: sha512-1z5PBJe9LX02B6bXkrXaTTcEqPFbUx1QZNFvoMZNtj34byK+POA8jTi5WrT4ztYa1zTqChSOUSHBFwy9GaOq0A==}
    dependencies:
      '@leafer/data': 1.0.0-beta.2
      '@leafer/debug': 1.0.0-beta.2
      '@leafer/event': 1.0.0-beta.2
      '@leafer/math': 1.0.0-beta.2
      '@leafer/platform': 1.0.0-beta.2
    dev: false

  /@leafer/selector/1.0.0-beta.2:
    resolution: {integrity: sha512-pwBw83L2Vj/ibStiUp2cIkcR2H+LkzZ/hlGavGJKXEAfRnn4gg1MChlvlOXUSThrT5PO/n/orl0D+tR4XeIZVg==}
    dependencies:
      '@leafer/event': 1.0.0-beta.2
      '@leafer/list': 1.0.0-beta.2
      '@leafer/math': 1.0.0-beta.2
    dev: false

  /@leafer/task/1.0.0-beta.2:
    resolution: {integrity: sha512-J0cnNm4rwPNBxKk7WxnOFn9g5zwdh6HnZynTdDCWlr75Bb9f8YO4iYoLU4CPUrhxcDScVM/yexQvsbzuByn2SQ==}
    dependencies:
      '@leafer/debug': 1.0.0-beta.2
      '@leafer/math': 1.0.0-beta.2
    dev: false

  /@leafer/watcher/1.0.0-beta.2:
    resolution: {integrity: sha512-XKm0hKWahZPc7KbhtBr/6v3nwbrswMdqa6zv45SpOIVV7UsTwVxxF0GJMWKw24pjiyv+/3voDb3A0bTTX/hXMw==}
    dependencies:
      '@leafer/data': 1.0.0-beta.2
      '@leafer/event': 1.0.0-beta.2
      '@leafer/list': 1.0.0-beta.2
    dev: false

  /@leafer/web/1.0.0-beta.2:
    resolution: {integrity: sha512-tfx9dCsqzsvPQv4blBCRRPCE8HqvB2VJHZzWN8Ucr2c3XWOCRmHWOKAhYuAMgqvfzBWHSaVbP+qx5eg/bkELQw==}
    dependencies:
      '@leafer/canvas-web': 1.0.0-beta.2
      '@leafer/core': 1.0.0-beta.2
      '@leafer/image-web': 1.0.0-beta.2
      '@leafer/interaction-web': 1.0.0-beta.2
      '@leafer/partner': 1.0.0-beta.2
    dev: false

  /@vitejs/plugin-vue/4.2.3_vite@4.3.9+vue@3.3.4:
    resolution: {integrity: sha512-R6JDUfiZbJA9cMiguQ7jxALsgiprjBeHL5ikpXfJCH62pPHtI+JdJ5xWj6Ev73yXSlYl86+blXn1kZHQ7uElxw==}
    engines: {node: ^14.18.0 || >=16.0.0}
    peerDependencies:
      vite: ^4.0.0
      vue: ^3.2.25
    dependencies:
      vite: 4.3.9
      vue: 3.3.4
    dev: true

  /@vue/compiler-core/3.3.4:
    resolution: {integrity: sha512-cquyDNvZ6jTbf/+x+AgM2Arrp6G4Dzbb0R64jiG804HRMfRiFXWI6kqUVqZ6ZR0bQhIoQjB4+2bhNtVwndW15g==}
    dependencies:
      '@babel/parser': 7.22.6
      '@vue/shared': 3.3.4
      estree-walker: 2.0.2
      source-map-js: 1.0.2

  /@vue/compiler-dom/3.3.4:
    resolution: {integrity: sha512-wyM+OjOVpuUukIq6p5+nwHYtj9cFroz9cwkfmP9O1nzH68BenTTv0u7/ndggT8cIQlnBeOo6sUT/gvHcIkLA5w==}
    dependencies:
      '@vue/compiler-core': 3.3.4
      '@vue/shared': 3.3.4

  /@vue/compiler-sfc/3.3.4:
    resolution: {integrity: sha512-6y/d8uw+5TkCuzBkgLS0v3lSM3hJDntFEiUORM11pQ/hKvkhSKZrXW6i69UyXlJQisJxuUEJKAWEqWbWsLeNKQ==}
    dependencies:
      '@babel/parser': 7.22.6
      '@vue/compiler-core': 3.3.4
      '@vue/compiler-dom': 3.3.4
      '@vue/compiler-ssr': 3.3.4
      '@vue/reactivity-transform': 3.3.4
      '@vue/shared': 3.3.4
      estree-walker: 2.0.2
      magic-string: 0.30.1
      postcss: 8.4.24
      source-map-js: 1.0.2

  /@vue/compiler-ssr/3.3.4:
    resolution: {integrity: sha512-m0v6oKpup2nMSehwA6Uuu+j+wEwcy7QmwMkVNVfrV9P2qE5KshC6RwOCq8fjGS/Eak/uNb8AaWekfiXxbBB6gQ==}
    dependencies:
      '@vue/compiler-dom': 3.3.4
      '@vue/shared': 3.3.4

  /@vue/reactivity-transform/3.3.4:
    resolution: {integrity: sha512-MXgwjako4nu5WFLAjpBnCj/ieqcjE2aJBINUNQzkZQfzIZA4xn+0fV1tIYBJvvva3N3OvKGofRLvQIwEQPpaXw==}
    dependencies:
      '@babel/parser': 7.22.6
      '@vue/compiler-core': 3.3.4
      '@vue/shared': 3.3.4
      estree-walker: 2.0.2
      magic-string: 0.30.1

  /@vue/reactivity/3.3.4:
    resolution: {integrity: sha512-kLTDLwd0B1jG08NBF3R5rqULtv/f8x3rOFByTDz4J53ttIQEDmALqKqXY0J+XQeN0aV2FBxY8nJDf88yvOPAqQ==}
    dependencies:
      '@vue/shared': 3.3.4

  /@vue/runtime-core/3.3.4:
    resolution: {integrity: sha512-R+bqxMN6pWO7zGI4OMlmvePOdP2c93GsHFM/siJI7O2nxFRzj55pLwkpCedEY+bTMgp5miZ8CxfIZo3S+gFqvA==}
    dependencies:
      '@vue/reactivity': 3.3.4
      '@vue/shared': 3.3.4

  /@vue/runtime-dom/3.3.4:
    resolution: {integrity: sha512-Aj5bTJ3u5sFsUckRghsNjVTtxZQ1OyMWCr5dZRAPijF/0Vy4xEoRCwLyHXcj4D0UFbJ4lbx3gPTgg06K/GnPnQ==}
    dependencies:
      '@vue/runtime-core': 3.3.4
      '@vue/shared': 3.3.4
      csstype: 3.1.2

  /@vue/server-renderer/3.3.4_vue@3.3.4:
    resolution: {integrity: sha512-Q6jDDzR23ViIb67v+vM1Dqntu+HUexQcsWKhhQa4ARVzxOY2HbC7QRW/ggkDBd5BU+uM1sV6XOAP0b216o34JQ==}
    peerDependencies:
      vue: 3.3.4
    dependencies:
      '@vue/compiler-ssr': 3.3.4
      '@vue/shared': 3.3.4
      vue: 3.3.4

  /@vue/shared/3.3.4:
    resolution: {integrity: sha512-7OjdcV8vQ74eiz1TZLzZP4JwqM5fA94K6yntPS5Z25r9HDuGNzaGdgvwKYq6S+MxwF0TFRwe50fIR/MYnakdkQ==}

  /csstype/3.1.2:
    resolution: {integrity: sha512-I7K1Uu0MBPzaFKg4nI5Q7Vs2t+3gWWW648spaF+Rg7pI9ds18Ugn+lvg4SHczUdKlHI5LWBXyqfS8+DufyBsgQ==}

  /esbuild/0.17.19:
    resolution: {integrity: sha512-XQ0jAPFkK/u3LcVRcvVHQcTIqD6E2H1fvZMA5dQPSOWb3suUbWbfbRf94pjc0bNzRYLfIrDRQXr7X+LHIm5oHw==}
    engines: {node: '>=12'}
    hasBin: true
    requiresBuild: true
    optionalDependencies:
      '@esbuild/android-arm': 0.17.19
      '@esbuild/android-arm64': 0.17.19
      '@esbuild/android-x64': 0.17.19
      '@esbuild/darwin-arm64': 0.17.19
      '@esbuild/darwin-x64': 0.17.19
      '@esbuild/freebsd-arm64': 0.17.19
      '@esbuild/freebsd-x64': 0.17.19
      '@esbuild/linux-arm': 0.17.19
      '@esbuild/linux-arm64': 0.17.19
      '@esbuild/linux-ia32': 0.17.19
      '@esbuild/linux-loong64': 0.17.19
      '@esbuild/linux-mips64el': 0.17.19
      '@esbuild/linux-ppc64': 0.17.19
      '@esbuild/linux-riscv64': 0.17.19
      '@esbuild/linux-s390x': 0.17.19
      '@esbuild/linux-x64': 0.17.19
      '@esbuild/netbsd-x64': 0.17.19
      '@esbuild/openbsd-x64': 0.17.19
      '@esbuild/sunos-x64': 0.17.19
      '@esbuild/win32-arm64': 0.17.19
      '@esbuild/win32-ia32': 0.17.19
      '@esbuild/win32-x64': 0.17.19
    dev: true

  /estree-walker/2.0.2:
    resolution: {integrity: sha512-Rfkk/Mp/DL7JVje3u18FxFujQlTNR2q6QfMSMB7AvCBx91NGj/ba3kCfza0f6dVDbw7YlRf/nDrn7pQrCCyQ/w==}

  /fsevents/2.3.2:
    resolution: {integrity: sha512-xiqMQR4xAeHTuB9uWm+fFRcIOgKBMiOBP+eXiyT7jsgVCq1bkVygt00oASowB7EdtpOHaaPgKt812P9ab+DDKA==}
    engines: {node: ^8.16.0 || ^10.6.0 || >=11.0.0}
    os: [darwin]
    requiresBuild: true
    dev: true
    optional: true

  /leafer-ui/1.0.0-beta.3:
    resolution: {integrity: sha512-f7UQwrSLX7C/dgwn21PDSIa6w8Fr+oeMdcX6gZoy3Zguy+2oGcva6DanjviLZnJjq/hQdhcyBK/yz/xKiOF7zg==}
    dependencies:
      '@leafer-ui/interface': 1.0.0-beta.2
      '@leafer-ui/type': 1.0.0-beta.2
      '@leafer-ui/web': 1.0.0-beta.2
      '@leafer/interface': 1.0.0-beta.2
    dev: false

  /magic-string/0.30.1:
    resolution: {integrity: sha512-mbVKXPmS0z0G4XqFDCTllmDQ6coZzn94aMlb0o/A4HEHJCKcanlDZwYJgwnkmgD3jyWhUgj9VsPrfd972yPffA==}
    engines: {node: '>=12'}
    dependencies:
      '@jridgewell/sourcemap-codec': 1.4.15

  /nanoid/3.3.6:
    resolution: {integrity: sha512-BGcqMMJuToF7i1rt+2PWSNVnWIkGCU78jBG3RxO/bZlnZPK2Cmi2QaffxGO/2RvWi9sL+FAiRiXMgsyxQ1DIDA==}
    engines: {node: ^10 || ^12 || ^13.7 || ^14 || >=15.0.1}
    hasBin: true

  /picocolors/1.0.0:
    resolution: {integrity: sha512-1fygroTLlHu66zi26VoTDv8yRgm0Fccecssto+MhsZ0D/DGW2sm8E8AjW7NU5VVTRt5GxbeZ5qBuJr+HyLYkjQ==}

  /postcss/8.4.24:
    resolution: {integrity: sha512-M0RzbcI0sO/XJNucsGjvWU9ERWxb/ytp1w6dKtxTKgixdtQDq4rmx/g8W1hnaheq9jgwL/oyEdH5Bc4WwJKMqg==}
    engines: {node: ^10 || ^12 || >=14}
    dependencies:
      nanoid: 3.3.6
      picocolors: 1.0.0
      source-map-js: 1.0.2

  /rollup/3.26.1:
    resolution: {integrity: sha512-I5gJCSpSMr3U9wv4D5YA8g7w7cj3eaSDeo7t+JcaFQOmoOUBgu4K9iMp8k3EZnwbJrjQxUMSKxMyB8qEQzzaSg==}
    engines: {node: '>=14.18.0', npm: '>=8.0.0'}
    hasBin: true
    optionalDependencies:
      fsevents: 2.3.2
    dev: true

  /source-map-js/1.0.2:
    resolution: {integrity: sha512-R0XvVJ9WusLiqTCEiGCmICCMplcCkIwwR11mOSD9CR5u+IXYdiseeEuXCVAjS54zqwkLcPNnmU4OeJ6tUrWhDw==}
    engines: {node: '>=0.10.0'}

  /to-fast-properties/2.0.0:
    resolution: {integrity: sha512-/OaKK0xYrs3DmxRYqL/yDc+FxFUVYhDlXMhRmv3z915w2HF1tnN1omB354j8VUGO/hbRzyD6Y3sA7v7GS/ceog==}
    engines: {node: '>=4'}

  /vite/4.3.9:
    resolution: {integrity: sha512-qsTNZjO9NoJNW7KnOrgYwczm0WctJ8m/yqYAMAK9Lxt4SoySUfS5S8ia9K7JHpa3KEeMfyF8LoJ3c5NeBJy6pg==}
    engines: {node: ^14.18.0 || >=16.0.0}
    hasBin: true
    peerDependencies:
      '@types/node': '>= 14'
      less: '*'
      sass: '*'
      stylus: '*'
      sugarss: '*'
      terser: ^5.4.0
    peerDependenciesMeta:
      '@types/node':
        optional: true
      less:
        optional: true
      sass:
        optional: true
      stylus:
        optional: true
      sugarss:
        optional: true
      terser:
        optional: true
    dependencies:
      esbuild: 0.17.19
      postcss: 8.4.24
      rollup: 3.26.1
    optionalDependencies:
      fsevents: 2.3.2
    dev: true

  /vue/3.3.4:
    resolution: {integrity: sha512-VTyEYn3yvIeY1Py0WaYGZsXnz3y5UnGi62GjVEqvEGPl6nxbOrCXbVOTQWBEJUqAyTUk2uJ5JLVnYJ6ZzGbrSw==}
    dependencies:
      '@vue/compiler-dom': 3.3.4
      '@vue/compiler-sfc': 3.3.4
      '@vue/runtime-dom': 3.3.4
      '@vue/server-renderer': 3.3.4_vue@3.3.4
      '@vue/shared': 3.3.4
